
Microsoft Visual Studio Solution File, Format Version 12.00
# Visual Studio Version 17
VisualStudioVersion = 17.10.34916.146
MinimumVisualStudioVersion = 10.0.40219.1
Project("{9A19103F-16F7-4668-BE54-9A1E7A4F7556}") = "Booker", "Booker.csproj", "{7C55531E-4BF5-4EC6-9E6A-BB2BE925FC34}"
EndProject
Project("{9A19103F-16F7-4668-BE54-9A1E7A4F7556}") = "Booker.Tests", "..\Booker.Tests\Booker.Tests.csproj", "{CC189B6E-084E-4417-8410-E9E9ABDBBA10}"
EndProject
Global
	GlobalSection(SolutionConfigurationPlatforms) = preSolution
		Debug|Any CPU = Debug|Any CPU
		Release|Any CPU = Release|Any CPU
	EndGlobalSection
	GlobalSection(ProjectConfigurationPlatforms) = postSolution
		{7C55531E-4BF5-4EC6-9E6A-BB2BE925FC34}.Debug|Any CPU.ActiveCfg = Debug|Any CPU
		{7C55531E-4BF5-4EC6-9E6A-BB2BE925FC34}.Debug|Any CPU.Build.0 = Debug|Any CPU
		{7C55531E-4BF5-4EC6-9E6A-BB2BE925FC34}.Release|Any CPU.ActiveCfg = Release|Any CPU
		{7C55531E-4BF5-4EC6-9E6A-BB2BE925FC34}.Release|Any CPU.Build.0 = Release|Any CPU
		{CC189B6E-084E-4417-8410-E9E9ABDBBA10}.Debug|Any CPU.ActiveCfg = Debug|Any CPU
		{CC189B6E-084E-4417-8410-E9E9ABDBBA10}.Debug|Any CPU.Build.0 = Debug|Any CPU
		{CC189B6E-084E-4417-8410-E9E9ABDBBA10}.Release|Any CPU.ActiveCfg = Release|Any CPU
		{CC189B6E-084E-4417-8410-E9E9ABDBBA10}.Release|Any CPU.Build.0 = Release|Any CPU
	EndGlobalSection
	GlobalSection(SolutionProperties) = preSolution
		HideSolutionNode = FALSE
	EndGlobalSection
	GlobalSection(ExtensibilityGlobals) = postSolution
		SolutionGuid = {5D630579-F1FF-4030-A1BC-7251D08E21A6}
	EndGlobalSection
EndGlobal
